
Microsoft Visual Studio Solution File, Format Version 12.00
# Visual Studio Version 17
VisualStudioVersion = 17.3.32929.385
MinimumVisualStudioVersion = 10.0.40219.1
Project("{FAE04EC0-301F-11D3-BF4B-00C04F79EFBC}") = "Task1", "Task1\Task1.csproj", "{57A969CD-68EB-4C54-AA4A-4C242F5B30DD}"
EndProject
Project("{FAE04EC0-301F-11D3-BF4B-00C04F79EFBC}") = "Task2", "Task2\Task2.csproj", "{C2DEF2CE-AA34-4A1A-9A13-0ED1A0AD4A9F}"
EndProject
Global
	GlobalSection(SolutionConfigurationPlatforms) = preSolution
		Debug|Any CPU = Debug|Any CPU
		Release|Any CPU = Release|Any CPU
	EndGlobalSection
	GlobalSection(ProjectConfigurationPlatforms) = postSolution
		{57A969CD-68EB-4C54-AA4A-4C242F5B30DD}.Debug|Any CPU.ActiveCfg = Debug|Any CPU
		{57A969CD-68EB-4C54-AA4A-4C242F5B30DD}.Debug|Any CPU.Build.0 = Debug|Any CPU
		{57A969CD-68EB-4C54-AA4A-4C242F5B30DD}.Release|Any CPU.ActiveCfg = Release|Any CPU
		{57A969CD-68EB-4C54-AA4A-4C242F5B30DD}.Release|Any CPU.Build.0 = Release|Any CPU
		{C2DEF2CE-AA34-4A1A-9A13-0ED1A0AD4A9F}.Debug|Any CPU.ActiveCfg = Debug|Any CPU
		{C2DEF2CE-AA34-4A1A-9A13-0ED1A0AD4A9F}.Debug|Any CPU.Build.0 = Debug|Any CPU
		{C2DEF2CE-AA34-4A1A-9A13-0ED1A0AD4A9F}.Release|Any CPU.ActiveCfg = Release|Any CPU
		{C2DEF2CE-AA34-4A1A-9A13-0ED1A0AD4A9F}.Release|Any CPU.Build.0 = Release|Any CPU
	EndGlobalSection
	GlobalSection(SolutionProperties) = preSolution
		HideSolutionNode = FALSE
	EndGlobalSection
	GlobalSection(ExtensibilityGlobals) = postSolution
		SolutionGuid = {242B580D-A0F5-434E-845E-8558B1B94616}
	EndGlobalSection
EndGlobal
